
Microsoft Visual Studio Solution File, Format Version 12.00
# Visual Studio Version 17
VisualStudioVersion = 17.5.33424.131
MinimumVisualStudioVersion = 10.0.40219.1
Project("{FAE04EC0-301F-11D3-BF4B-00C04F79EFBC}") = "Lista3PR2", "Lista3PR2\Lista3PR2.csproj", "{F7691F32-AAF4-4F8A-9B7F-9377CCA42EFB}"
EndProject
Global
	GlobalSection(SolutionConfigurationPlatforms) = preSolution
		Debug|Any CPU = Debug|Any CPU
		Release|Any CPU = Release|Any CPU
	EndGlobalSection
	GlobalSection(ProjectConfigurationPlatforms) = postSolution
		{F7691F32-AAF4-4F8A-9B7F-9377CCA42EFB}.Debug|Any CPU.ActiveCfg = Debug|Any CPU
		{F7691F32-AAF4-4F8A-9B7F-9377CCA42EFB}.Debug|Any CPU.Build.0 = Debug|Any CPU
		{F7691F32-AAF4-4F8A-9B7F-9377CCA42EFB}.Release|Any CPU.ActiveCfg = Release|Any CPU
		{F7691F32-AAF4-4F8A-9B7F-9377CCA42EFB}.Release|Any CPU.Build.0 = Release|Any CPU
	EndGlobalSection
	GlobalSection(SolutionProperties) = preSolution
		HideSolutionNode = FALSE
	EndGlobalSection
	GlobalSection(ExtensibilityGlobals) = postSolution
		SolutionGuid = {1CF8D5B8-9EB7-46E6-A7F6-A30069021A58}
	EndGlobalSection
EndGlobal
